
Microsoft Visual Studio Solution File, Format Version 12.00
# Visual Studio 15
VisualStudioVersion = 15.0.27130.2003
MinimumVisualStudioVersion = 10.0.40219.1
Project("{FAE04EC0-301F-11D3-BF4B-00C04F79EFBC}") = "01.ReverseNumbersWithAStack", "01.ReverseNumbersWithAStack\01.ReverseNumbersWithAStack.csproj", "{880294B4-B657-4028-A677-4CAB99D6FAB5}"
EndProject
Project("{FAE04EC0-301F-11D3-BF4B-00C04F79EFBC}") = "02.BasicStackOperations", "02.BasicStackOperations\02.BasicStackOperations.csproj", "{6D668B0E-4948-4682-9C54-491784B3DFA7}"
EndProject
Project("{FAE04EC0-301F-11D3-BF4B-00C04F79EFBC}") = "03.MaximumElement", "03.MaximumElement\03.MaximumElement.csproj", "{D379E41E-3D57-417C-BCFC-60360FB66BDD}"
EndProject
Project("{FAE04EC0-301F-11D3-BF4B-00C04F79EFBC}") = "04.BasicQueueOperations", "04.BasicQueueOperations\04.BasicQueueOperations.csproj", "{A0C798BD-7590-4A86-8EFE-E43E97BF1E04}"
EndProject
Project("{FAE04EC0-301F-11D3-BF4B-00C04F79EFBC}") = "05.CalculateSequenceWIthQueue", "05.CalculateSequenceWIthQueue\05.CalculateSequenceWIthQueue.csproj", "{B8CF8CF8-F826-4357-AD74-470CC29513F2}"
EndProject
Project("{FAE04EC0-301F-11D3-BF4B-00C04F79EFBC}") = "06.TruckTour", "06.TruckTour\06.TruckTour.csproj", "{3BDCE5E9-AC49-44F3-B01C-215FE88BA03F}"
EndProject
Project("{FAE04EC0-301F-11D3-BF4B-00C04F79EFBC}") = "07.BalancedParentheses", "07.BalancedParentheses\07.BalancedParentheses.csproj", "{887F9063-CE8C-4686-812E-A449CD05EB57}"
EndProject
Project("{FAE04EC0-301F-11D3-BF4B-00C04F79EFBC}") = "08.RecursiveFibonacci", "08.RecursiveFibonacci\08.RecursiveFibonacci.csproj", "{634252DE-BD23-4A0E-B723-0D538649028A}"
EndProject
Project("{FAE04EC0-301F-11D3-BF4B-00C04F79EFBC}") = "09.StackFibonacci", "09.StackFibonacci\09.StackFibonacci.csproj", "{A89D4991-E872-47AD-870D-8D27615A56BF}"
EndProject
Project("{FAE04EC0-301F-11D3-BF4B-00C04F79EFBC}") = "10.SimpleTextEditor", "10.SimpleTextEditor\10.SimpleTextEditor.csproj", "{8989F1E9-F7F4-4CF9-8B46-C712FFBDE969}"
EndProject
Project("{FAE04EC0-301F-11D3-BF4B-00C04F79EFBC}") = "11.PoisonousPlants", "11.PoisonousPlants\11.PoisonousPlants.csproj", "{268FD666-9EB0-4ED7-8E1B-E2CD107FD14D}"
EndProject
Global
	GlobalSection(SolutionConfigurationPlatforms) = preSolution
		Debug|Any CPU = Debug|Any CPU
		Release|Any CPU = Release|Any CPU
	EndGlobalSection
	GlobalSection(ProjectConfigurationPlatforms) = postSolution
		{880294B4-B657-4028-A677-4CAB99D6FAB5}.Debug|Any CPU.ActiveCfg = Debug|Any CPU
		{880294B4-B657-4028-A677-4CAB99D6FAB5}.Debug|Any CPU.Build.0 = Debug|Any CPU
		{880294B4-B657-4028-A677-4CAB99D6FAB5}.Release|Any CPU.ActiveCfg = Release|Any CPU
		{880294B4-B657-4028-A677-4CAB99D6FAB5}.Release|Any CPU.Build.0 = Release|Any CPU
		{6D668B0E-4948-4682-9C54-491784B3DFA7}.Debug|Any CPU.ActiveCfg = Debug|Any CPU
		{6D668B0E-4948-4682-9C54-491784B3DFA7}.Debug|Any CPU.Build.0 = Debug|Any CPU
		{6D668B0E-4948-4682-9C54-491784B3DFA7}.Release|Any CPU.ActiveCfg = Release|Any CPU
		{6D668B0E-4948-4682-9C54-491784B3DFA7}.Release|Any CPU.Build.0 = Release|Any CPU
		{D379E41E-3D57-417C-BCFC-60360FB66BDD}.Debug|Any CPU.ActiveCfg = Debug|Any CPU
		{D379E41E-3D57-417C-BCFC-60360FB66BDD}.Debug|Any CPU.Build.0 = Debug|Any CPU
		{D379E41E-3D57-417C-BCFC-60360FB66BDD}.Release|Any CPU.ActiveCfg = Release|Any CPU
		{D379E41E-3D57-417C-BCFC-60360FB66BDD}.Release|Any CPU.Build.0 = Release|Any CPU
		{A0C798BD-7590-4A86-8EFE-E43E97BF1E04}.Debug|Any CPU.ActiveCfg = Debug|Any CPU
		{A0C798BD-7590-4A86-8EFE-E43E97BF1E04}.Debug|Any CPU.Build.0 = Debug|Any CPU
		{A0C798BD-7590-4A86-8EFE-E43E97BF1E04}.Release|Any CPU.ActiveCfg = Release|Any CPU
		{A0C798BD-7590-4A86-8EFE-E43E97BF1E04}.Release|Any CPU.Build.0 = Release|Any CPU
		{B8CF8CF8-F826-4357-AD74-470CC29513F2}.Debug|Any CPU.ActiveCfg = Debug|Any CPU
		{B8CF8CF8-F826-4357-AD74-470CC29513F2}.Debug|Any CPU.Build.0 = Debug|Any CPU
		{B8CF8CF8-F826-4357-AD74-470CC29513F2}.Release|Any CPU.ActiveCfg = Release|Any CPU
		{B8CF8CF8-F826-4357-AD74-470CC29513F2}.Release|Any CPU.Build.0 = Release|Any CPU
		{3BDCE5E9-AC49-44F3-B01C-215FE88BA03F}.Debug|Any CPU.ActiveCfg = Debug|Any CPU
		{3BDCE5E9-AC49-44F3-B01C-215FE88BA03F}.Debug|Any CPU.Build.0 = Debug|Any CPU
		{3BDCE5E9-AC49-44F3-B01C-215FE88BA03F}.Release|Any CPU.ActiveCfg = Release|Any CPU
		{3BDCE5E9-AC49-44F3-B01C-215FE88BA03F}.Release|Any CPU.Build.0 = Release|Any CPU
		{887F9063-CE8C-4686-812E-A449CD05EB57}.Debug|Any CPU.ActiveCfg = Debug|Any CPU
		{887F9063-CE8C-4686-812E-A449CD05EB57}.Debug|Any CPU.Build.0 = Debug|Any CPU
		{887F9063-CE8C-4686-812E-A449CD05EB57}.Release|Any CPU.ActiveCfg = Release|Any CPU
		{887F9063-CE8C-4686-812E-A449CD05EB57}.Release|Any CPU.Build.0 = Release|Any CPU
		{634252DE-BD23-4A0E-B723-0D538649028A}.Debug|Any CPU.ActiveCfg = Debug|Any CPU
		{634252DE-BD23-4A0E-B723-0D538649028A}.Debug|Any CPU.Build.0 = Debug|Any CPU
		{634252DE-BD23-4A0E-B723-0D538649028A}.Release|Any CPU.ActiveCfg = Release|Any CPU
		{634252DE-BD23-4A0E-B723-0D538649028A}.Release|Any CPU.Build.0 = Release|Any CPU
		{A89D4991-E872-47AD-870D-8D27615A56BF}.Debug|Any CPU.ActiveCfg = Debug|Any CPU
		{A89D4991-E872-47AD-870D-8D27615A56BF}.Debug|Any CPU.Build.0 = Debug|Any CPU
		{A89D4991-E872-47AD-870D-8D27615A56BF}.Release|Any CPU.ActiveCfg = Release|Any CPU
		{A89D4991-E872-47AD-870D-8D27615A56BF}.Release|Any CPU.Build.0 = Release|Any CPU
		{8989F1E9-F7F4-4CF9-8B46-C712FFBDE969}.Debug|Any CPU.ActiveCfg = Debug|Any CPU
		{8989F1E9-F7F4-4CF9-8B46-C712FFBDE969}.Debug|Any CPU.Build.0 = Debug|Any CPU
		{8989F1E9-F7F4-4CF9-8B46-C712FFBDE969}.Release|Any CPU.ActiveCfg = Release|Any CPU
		{8989F1E9-F7F4-4CF9-8B46-C712FFBDE969}.Release|Any CPU.Build.0 = Release|Any CPU
		{268FD666-9EB0-4ED7-8E1B-E2CD107FD14D}.Debug|Any CPU.ActiveCfg = Debug|Any CPU
		{268FD666-9EB0-4ED7-8E1B-E2CD107FD14D}.Debug|Any CPU.Build.0 = Debug|Any CPU
		{268FD666-9EB0-4ED7-8E1B-E2CD107FD14D}.Release|Any CPU.ActiveCfg = Release|Any CPU
		{268FD666-9EB0-4ED7-8E1B-E2CD107FD14D}.Release|Any CPU.Build.0 = Release|Any CPU
	EndGlobalSection
	GlobalSection(SolutionProperties) = preSolution
		HideSolutionNode = FALSE
	EndGlobalSection
	GlobalSection(ExtensibilityGlobals) = postSolution
		SolutionGuid = {21165D3B-0453-49EF-A29A-10855318DA19}
	EndGlobalSection
EndGlobal
